
Microsoft Visual Studio Solution File, Format Version 12.00
# Visual Studio Version 17
VisualStudioVersion = 17.0.32112.339
MinimumVisualStudioVersion = 10.0.40219.1
Project("{9A19103F-16F7-4668-BE54-9A1E7A4F7556}") = "ProyectoAyure.Web", "ProyectoAyure.Web\ProyectoAyure.Web.csproj", "{A4A71AE9-C555-4EAD-AC01-918B56E612A3}"
EndProject
Project("{9A19103F-16F7-4668-BE54-9A1E7A4F7556}") = "ProyectoAyure.Data", "ProyectoAyure.Entidades\ProyectoAyure.Data.csproj", "{E7DCDF76-3C6A-4DB9-9273-DDE551E7A0DE}"
EndProject
Project("{FAE04EC0-301F-11D3-BF4B-00C04F79EFBC}") = "ProyectoAyure.Servicios", "ProyectoAyure.Servicios\ProyectoAyure.Servicios.csproj", "{FBAEB46F-2FA6-4B27-8C0E-D70460748E6A}"
EndProject
Project("{FAE04EC0-301F-11D3-BF4B-00C04F79EFBC}") = "ProyectoAyure.Repositorios", "ProyectoAyure.Repositorios\ProyectoAyure.Repositorios.csproj", "{27A9EACA-69AF-406E-9442-893587394232}"
EndProject
Global
	GlobalSection(SolutionConfigurationPlatforms) = preSolution
		Debug|Any CPU = Debug|Any CPU
		Release|Any CPU = Release|Any CPU
	EndGlobalSection
	GlobalSection(ProjectConfigurationPlatforms) = postSolution
		{A4A71AE9-C555-4EAD-AC01-918B56E612A3}.Debug|Any CPU.ActiveCfg = Debug|Any CPU
		{A4A71AE9-C555-4EAD-AC01-918B56E612A3}.Debug|Any CPU.Build.0 = Debug|Any CPU
		{A4A71AE9-C555-4EAD-AC01-918B56E612A3}.Release|Any CPU.ActiveCfg = Release|Any CPU
		{A4A71AE9-C555-4EAD-AC01-918B56E612A3}.Release|Any CPU.Build.0 = Release|Any CPU
		{E7DCDF76-3C6A-4DB9-9273-DDE551E7A0DE}.Debug|Any CPU.ActiveCfg = Debug|Any CPU
		{E7DCDF76-3C6A-4DB9-9273-DDE551E7A0DE}.Debug|Any CPU.Build.0 = Debug|Any CPU
		{E7DCDF76-3C6A-4DB9-9273-DDE551E7A0DE}.Release|Any CPU.ActiveCfg = Release|Any CPU
		{E7DCDF76-3C6A-4DB9-9273-DDE551E7A0DE}.Release|Any CPU.Build.0 = Release|Any CPU
		{FBAEB46F-2FA6-4B27-8C0E-D70460748E6A}.Debug|Any CPU.ActiveCfg = Debug|Any CPU
		{FBAEB46F-2FA6-4B27-8C0E-D70460748E6A}.Debug|Any CPU.Build.0 = Debug|Any CPU
		{FBAEB46F-2FA6-4B27-8C0E-D70460748E6A}.Release|Any CPU.ActiveCfg = Release|Any CPU
		{FBAEB46F-2FA6-4B27-8C0E-D70460748E6A}.Release|Any CPU.Build.0 = Release|Any CPU
		{27A9EACA-69AF-406E-9442-893587394232}.Debug|Any CPU.ActiveCfg = Debug|Any CPU
		{27A9EACA-69AF-406E-9442-893587394232}.Debug|Any CPU.Build.0 = Debug|Any CPU
		{27A9EACA-69AF-406E-9442-893587394232}.Release|Any CPU.ActiveCfg = Release|Any CPU
		{27A9EACA-69AF-406E-9442-893587394232}.Release|Any CPU.Build.0 = Release|Any CPU
	EndGlobalSection
	GlobalSection(SolutionProperties) = preSolution
		HideSolutionNode = FALSE
	EndGlobalSection
	GlobalSection(ExtensibilityGlobals) = postSolution
		SolutionGuid = {40DD3E60-3AC8-4ED1-BA94-4573EC3519AF}
	EndGlobalSection
EndGlobal
